PODS:
  - Herald (1.2.0)
  - IBMMobileFirstPlatformFoundation (8.0.2020050515)
  - lottie-ios (3.1.6)

DEPENDENCIES:
  - Herald (= 1.2.0)
  - IBMMobileFirstPlatformFoundation (= 8.0.2020050515)
  - lottie-ios (= 3.1.6)

SPEC REPOS:
  https://github.com/CocoaPods/Specs.git:
    - Herald
    - IBMMobileFirstPlatformFoundation
    - lottie-ios

SPEC CHECKSUMS:
  Herald: a45e5beb91e281da0e10d7d4857e50fd153fcbc0
  IBMMobileFirstPlatformFoundation: 8b98039d8a767150570ee2e923e942f26254e1f3
  lottie-ios: 85ce835dd8c53e02509f20729fc7d6a4e6645a0a

PODFILE CHECKSUM: 9059191513a5e124869870f4388fa87eb56d8d92

COCOAPODS: 1.10.1
